
Microsoft Visual Studio Solution File, Format Version 12.00
# Visual Studio Version 17
VisualStudioVersion = 17.6.33723.286
MinimumVisualStudioVersion = 10.0.40219.1
Project("{FAE04EC0-301F-11D3-BF4B-00C04F79EFBC}") = "micoredata", "micoredata.csproj", "{64CD89C2-13BF-40C8-907A-2DBE8077B8AB}"
EndProject
Global
	GlobalSection(SolutionConfigurationPlatforms) = preSolution
		Debug|Any CPU = Debug|Any CPU
		Release|Any CPU = Release|Any CPU
	EndGlobalSection
	GlobalSection(ProjectConfigurationPlatforms) = postSolution
		{64CD89C2-13BF-40C8-907A-2DBE8077B8AB}.Debug|Any CPU.ActiveCfg = Debug|Any CPU
		{64CD89C2-13BF-40C8-907A-2DBE8077B8AB}.Debug|Any CPU.Build.0 = Debug|Any CPU
		{64CD89C2-13BF-40C8-907A-2DBE8077B8AB}.Release|Any CPU.ActiveCfg = Release|Any CPU
		{64CD89C2-13BF-40C8-907A-2DBE8077B8AB}.Release|Any CPU.Build.0 = Release|Any CPU
	EndGlobalSection
	GlobalSection(SolutionProperties) = preSolution
		HideSolutionNode = FALSE
	EndGlobalSection
	GlobalSection(ExtensibilityGlobals) = postSolution
		SolutionGuid = {5789EC11-5226-4BE6-AD40-B2EE8F8A3D46}
	EndGlobalSection
EndGlobal
